
Microsoft Visual Studio Solution File, Format Version 12.00
Project("{FAE04EC0-301F-11D3-BF4B-00C04F79EFBC}") = "SantaShop", "src\SantaShop\SantaShop.csproj", "{4D343C20-EB79-4591-AE0F-3F0B3CB41617}"
EndProject
Project("{2150E333-8FDC-42A3-9474-1A3956D46DE8}") = "src", "src", "{17774B83-B784-42AE-94CA-799935B69380}"
EndProject
Project("{FAE04EC0-301F-11D3-BF4B-00C04F79EFBC}") = "SantaShop.Common", "src\SantaShop.Common\SantaShop.Common.csproj", "{0D721C8F-2869-4D25-8258-DDDA03AA969D}"
EndProject
Project("{FAE04EC0-301F-11D3-BF4B-00C04F79EFBC}") = "SantaShop.Domain", "src\SantaShop.Domain\SantaShop.Domain.csproj", "{5E5306FD-0D01-4A9F-87AB-0FCE42865CEC}"
EndProject
Project("{FAE04EC0-301F-11D3-BF4B-00C04F79EFBC}") = "SantaShop.Db", "src\SantaShop.Db\SantaShop.Db.csproj", "{8F81A561-6EC7-448F-AA2D-1BFCD5AB300B}"
EndProject
Project("{FAE04EC0-301F-11D3-BF4B-00C04F79EFBC}") = "SantaShop.Api", "src\SantaShop.Api\SantaShop.Api.csproj", "{1856E57E-071A-4F4E-99A4-C6B16B1A6EDE}"
EndProject
Project("{FAE04EC0-301F-11D3-BF4B-00C04F79EFBC}") = "SantaShop.Infrastructure", "src\SantaShop.Infrastructure\SantaShop.Infrastructure.csproj", "{8666D317-41AB-43A8-9651-1EE75409A90F}"
EndProject
Project("{2150E333-8FDC-42A3-9474-1A3956D46DE8}") = "tests", "tests", "{9D4920A2-FB65-404E-B3AF-2D0CEC21443F}"
EndProject
Project("{FAE04EC0-301F-11D3-BF4B-00C04F79EFBC}") = "SantaShop.Test", "SantaShop.Test\SantaShop.Test.csproj", "{9193E550-57EF-4BF2-A4E9-22310CD03E4A}"
EndProject
Global
	GlobalSection(SolutionConfigurationPlatforms) = preSolution
		Debug|Any CPU = Debug|Any CPU
		Release|Any CPU = Release|Any CPU
	EndGlobalSection
	GlobalSection(ProjectConfigurationPlatforms) = postSolution
		{4D343C20-EB79-4591-AE0F-3F0B3CB41617}.Debug|Any CPU.ActiveCfg = Debug|Any CPU
		{4D343C20-EB79-4591-AE0F-3F0B3CB41617}.Debug|Any CPU.Build.0 = Debug|Any CPU
		{4D343C20-EB79-4591-AE0F-3F0B3CB41617}.Release|Any CPU.ActiveCfg = Release|Any CPU
		{4D343C20-EB79-4591-AE0F-3F0B3CB41617}.Release|Any CPU.Build.0 = Release|Any CPU
		{0D721C8F-2869-4D25-8258-DDDA03AA969D}.Debug|Any CPU.ActiveCfg = Debug|Any CPU
		{0D721C8F-2869-4D25-8258-DDDA03AA969D}.Debug|Any CPU.Build.0 = Debug|Any CPU
		{0D721C8F-2869-4D25-8258-DDDA03AA969D}.Release|Any CPU.ActiveCfg = Release|Any CPU
		{0D721C8F-2869-4D25-8258-DDDA03AA969D}.Release|Any CPU.Build.0 = Release|Any CPU
		{5E5306FD-0D01-4A9F-87AB-0FCE42865CEC}.Debug|Any CPU.ActiveCfg = Debug|Any CPU
		{5E5306FD-0D01-4A9F-87AB-0FCE42865CEC}.Debug|Any CPU.Build.0 = Debug|Any CPU
		{5E5306FD-0D01-4A9F-87AB-0FCE42865CEC}.Release|Any CPU.ActiveCfg = Release|Any CPU
		{5E5306FD-0D01-4A9F-87AB-0FCE42865CEC}.Release|Any CPU.Build.0 = Release|Any CPU
		{8F81A561-6EC7-448F-AA2D-1BFCD5AB300B}.Debug|Any CPU.ActiveCfg = Debug|Any CPU
		{8F81A561-6EC7-448F-AA2D-1BFCD5AB300B}.Debug|Any CPU.Build.0 = Debug|Any CPU
		{8F81A561-6EC7-448F-AA2D-1BFCD5AB300B}.Release|Any CPU.ActiveCfg = Release|Any CPU
		{8F81A561-6EC7-448F-AA2D-1BFCD5AB300B}.Release|Any CPU.Build.0 = Release|Any CPU
		{1856E57E-071A-4F4E-99A4-C6B16B1A6EDE}.Debug|Any CPU.ActiveCfg = Debug|Any CPU
		{1856E57E-071A-4F4E-99A4-C6B16B1A6EDE}.Debug|Any CPU.Build.0 = Debug|Any CPU
		{1856E57E-071A-4F4E-99A4-C6B16B1A6EDE}.Release|Any CPU.ActiveCfg = Release|Any CPU
		{1856E57E-071A-4F4E-99A4-C6B16B1A6EDE}.Release|Any CPU.Build.0 = Release|Any CPU
		{8666D317-41AB-43A8-9651-1EE75409A90F}.Debug|Any CPU.ActiveCfg = Debug|Any CPU
		{8666D317-41AB-43A8-9651-1EE75409A90F}.Debug|Any CPU.Build.0 = Debug|Any CPU
		{8666D317-41AB-43A8-9651-1EE75409A90F}.Release|Any CPU.ActiveCfg = Release|Any CPU
		{8666D317-41AB-43A8-9651-1EE75409A90F}.Release|Any CPU.Build.0 = Release|Any CPU
		{9193E550-57EF-4BF2-A4E9-22310CD03E4A}.Debug|Any CPU.ActiveCfg = Debug|Any CPU
		{9193E550-57EF-4BF2-A4E9-22310CD03E4A}.Debug|Any CPU.Build.0 = Debug|Any CPU
		{9193E550-57EF-4BF2-A4E9-22310CD03E4A}.Release|Any CPU.ActiveCfg = Release|Any CPU
		{9193E550-57EF-4BF2-A4E9-22310CD03E4A}.Release|Any CPU.Build.0 = Release|Any CPU
	EndGlobalSection
	GlobalSection(NestedProjects) = preSolution
		{4D343C20-EB79-4591-AE0F-3F0B3CB41617} = {17774B83-B784-42AE-94CA-799935B69380}
		{0D721C8F-2869-4D25-8258-DDDA03AA969D} = {17774B83-B784-42AE-94CA-799935B69380}
		{5E5306FD-0D01-4A9F-87AB-0FCE42865CEC} = {17774B83-B784-42AE-94CA-799935B69380}
		{8F81A561-6EC7-448F-AA2D-1BFCD5AB300B} = {17774B83-B784-42AE-94CA-799935B69380}
		{1856E57E-071A-4F4E-99A4-C6B16B1A6EDE} = {17774B83-B784-42AE-94CA-799935B69380}
		{8666D317-41AB-43A8-9651-1EE75409A90F} = {17774B83-B784-42AE-94CA-799935B69380}
		{9193E550-57EF-4BF2-A4E9-22310CD03E4A} = {9D4920A2-FB65-404E-B3AF-2D0CEC21443F}
	EndGlobalSection
EndGlobal
